
Microsoft Visual Studio Solution File, Format Version 12.00
# Visual Studio 2013
VisualStudioVersion = 12.0.31101.0
MinimumVisualStudioVersion = 10.0.40219.1
Project("{2150E333-8FDC-42A3-9474-1A3956D46DE8}") = ".nuget", ".nuget", "{1089006D-DD6D-497C-ADCF-AC369EBA4575}"
	ProjectSection(SolutionItems) = preProject
		.nuget\packages.config = .nuget\packages.config
	EndProjectSection
EndProject
Project("{FAE04EC0-301F-11D3-BF4B-00C04F79EFBC}") = "DeliveryTracer.Web", "src\DeliveryTracer.Web\DeliveryTracer.Web.csproj", "{2DA4DE49-C9D9-4F4F-991D-48D88823678E}"
EndProject
Project("{FAE04EC0-301F-11D3-BF4B-00C04F79EFBC}") = "DeliveryTracer.DataLayer", "src\DeliveryTracer.DataLayer\DeliveryTracer.DataLayer.csproj", "{C4FD0DD6-1F71-41AC-B120-12CFD50701DE}"
EndProject
Global
	GlobalSection(SolutionConfigurationPlatforms) = preSolution
		Debug|Any CPU = Debug|Any CPU
		Release|Any CPU = Release|Any CPU
	EndGlobalSection
	GlobalSection(ProjectConfigurationPlatforms) = postSolution
		{2DA4DE49-C9D9-4F4F-991D-48D88823678E}.Debug|Any CPU.ActiveCfg = Debug|Any CPU
		{2DA4DE49-C9D9-4F4F-991D-48D88823678E}.Debug|Any CPU.Build.0 = Debug|Any CPU
		{2DA4DE49-C9D9-4F4F-991D-48D88823678E}.Release|Any CPU.ActiveCfg = Release|Any CPU
		{2DA4DE49-C9D9-4F4F-991D-48D88823678E}.Release|Any CPU.Build.0 = Release|Any CPU
		{C4FD0DD6-1F71-41AC-B120-12CFD50701DE}.Debug|Any CPU.ActiveCfg = Debug|Any CPU
		{C4FD0DD6-1F71-41AC-B120-12CFD50701DE}.Debug|Any CPU.Build.0 = Debug|Any CPU
		{C4FD0DD6-1F71-41AC-B120-12CFD50701DE}.Release|Any CPU.ActiveCfg = Release|Any CPU
		{C4FD0DD6-1F71-41AC-B120-12CFD50701DE}.Release|Any CPU.Build.0 = Release|Any CPU
	EndGlobalSection
	GlobalSection(SolutionProperties) = preSolution
		HideSolutionNode = FALSE
	EndGlobalSection
EndGlobal
